{
  "lockfileVersion": 1,
  "configVersion": 1,
  "workspaces": {
    "": {
      "name": "hunk-copy-path",
      "devDependencies": {
        "bun-types": "^1.4.0",
        "hunkdiff": "^0.20.0",
      },
    },
  },
  "packages": {
    "@opentui/core": ["@opentui/core@0.5.10", "", { "dependencies": { "bun-ffi-structs": "0.3.1", "diff": "9.0.0", "marked": "17.0.1", "string-width": "7.2.0", "strip-ansi": "7.1.2" }, "optionalDependencies": { "@opentui/core-darwin-arm64": "0.5.10", "@opentui/core-darwin-x64": "0.5.10", "@opentui/core-linux-arm64": "0.5.10", "@opentui/core-linux-arm64-musl": "0.5.10", "@opentui/core-linux-x64": "0.5.10", "@opentui/core-linux-x64-musl": "0.5.10", "@opentui/core-win32-arm64": "0.5.10", "@opentui/core-win32-x64": "0.5.10" }, "peerDependencies": { "web-tree-sitter": "0.25.10" } }, "sha512-C3a2UbmefeAjIxAgm4BqjuSxKT4oqutfvYFwVvUgMxmGRHkNbBc/s7sukV0JgwcxFcV3uMFrXxo+E+BQtvuOiw=="],

    "@opentui/core-darwin-arm64": ["@opentui/core-darwin-arm64@0.5.10", "", { "os": "darwin", "cpu": "arm64" }, "sha512-Vyb+nTbhab8ZcRy5gg1loEEGwRcIbjAeVRIBfHBcbFDqmITBOg7x2gqJ+x/TnoOy4uwMhCmICUN2wiyREw3r1Q=="],

    "@opentui/core-darwin-x64": ["@opentui/core-darwin-x64@0.5.10", "", { "os": "darwin", "cpu": "x64" }, "sha512-tTFLcM7Oj1gTyhm/bUdAt3C6grZdCxPk6+/g2azcZBUlI3/62LwbeRS6HbQKFFmm+1fUmX8cq6kWrtul885mVg=="],

    "@opentui/core-linux-arm64": ["@opentui/core-linux-arm64@0.5.10", "", { "os": "linux", "cpu": "arm64" }, "sha512-ncJXcgudhBf2GdJyF3xVQN/Ec+1F7GOL+pRrURmgBYSj2v1w6EyoDQFAACtPTK2c3R38W6fvZwL4JSLlm4EFXQ=="],

    "@opentui/core-linux-arm64-musl": ["@opentui/core-linux-arm64-musl@0.5.10", "", { "os": "linux", "cpu": "arm64" }, "sha512-dGMphDKexSdeYqwl0wgoFBP88Ta/cdi1Zc1mk29/ENkSCGz+74zlCHgqTHRNGLmI8W5TfuUtCyktQH11/Z+TBQ=="],

    "@opentui/core-linux-x64": ["@opentui/core-linux-x64@0.5.10", "", { "os": "linux", "cpu": "x64" }, "sha512-5qtYaOgwVycZD1GaGshTRsi0rXPAmVExO03N1JQaHu+NYxK/vXSOc7Bu4QW0sPXx3Sp0SpzpP+FHjXABfoK66g=="],

    "@opentui/core-linux-x64-musl": ["@opentui/core-linux-x64-musl@0.5.10", "", { "os": "linux", "cpu": "x64" }, "sha512-Oj4H9hApuvuTKPWxh4SoZAgGJorR7vbvnrZA/cAkSMAk2VGSoHRRcqeXQbcH8IcdjVZ0KFpv8Zkl/D5Ye+2mew=="],

    "@opentui/core-win32-arm64": ["@opentui/core-win32-arm64@0.5.10", "", { "os": "win32", "cpu": "arm64" }, "sha512-A9VhgvTxQoUdZ+8LmUumEng1sQNbj9QQQT3NYG9mSxI54qTANi7vOWNSphMiY6RMVsr22pgm6nUvSSvJXv7Jog=="],

    "@opentui/core-win32-x64": ["@opentui/core-win32-x64@0.5.10", "", { "os": "win32", "cpu": "x64" }, "sha512-u3KHa7kEeWrmKVDRJYpxSGO+g5E9cMGlrmTsPN3GVPHUmQMiREUawLXUvsU8+IHaQnqG3Q5nuE1yf4fPBzS+Qw=="],

    "@opentui/react": ["@opentui/react@0.5.10", "", { "dependencies": { "@opentui/core": "0.5.10", "react-reconciler": "^0.33.0" }, "peerDependencies": { "react": ">=19.2.0", "react-devtools-core": "^7.0.1", "ws": "^8.18.0" } }, "sha512-76UFqe/ML121Skjche2+mGX56GKTlwG3ftrOi3b7WGLvjGucPqgEDJ0+CmaC/Yk85O8ui/ZTZJ2tay/8foR4FQ=="],

    "@oven/bun-darwin-aarch64": ["@oven/bun-darwin-aarch64@1.4.1", "", { "os": "darwin", "cpu": "arm64" }, "sha512-XDvoYbH1rH3fpFYM/9U6y3nSk9KPTqeDvAcCfseSbfu2iXerF0pX7dh0lAwevi2VooHjc6MsyyWwmRiaN33s/A=="],

    "@oven/bun-darwin-x64": ["@oven/bun-darwin-x64@1.4.1", "", { "os": "darwin", "cpu": "x64" }, "sha512-i+eEXD6cUu7/pP3QGvfUlkOkY+J7O8XKggkSKS77yg++EUk1p1vqfG0loQXwHBIEycPYL9Tp7mKcixiARAT9nQ=="],

    "@oven/bun-freebsd-aarch64": ["@oven/bun-freebsd-aarch64@1.4.1", "", { "os": "freebsd", "cpu": "arm64" }, "sha512-v0iWcYXsV8m65LKhdQLnSxS/Q0nCcRkWZoqAXq286JByzt6SaWAJpFWrBdZUK7t1n2EvkkKts87SWIfFxNysEA=="],

    "@oven/bun-freebsd-x64": ["@oven/bun-freebsd-x64@1.4.1", "", { "os": "freebsd", "cpu": "x64" }, "sha512-XjQE0hDpIvZnK6NErIh1mVI5XUWNFbo7jyysAW7PiHAGxok9rlqIQo2fQrY0XlkG8Cj7qjPGbV9PwFMXP5JHQg=="],

    "@oven/bun-linux-aarch64": ["@oven/bun-linux-aarch64@1.4.1", "", { "os": "linux", "cpu": "arm64" }, "sha512-QLY/skFymGa6vv9xPhxWwGh4QQzXvPhA3ocFVXaoB1Lcepcwo9dZ5TyMmAXIW/I4XImUsppUVGml0dp6QqwO9Q=="],

    "@oven/bun-linux-aarch64-android": ["@oven/bun-linux-aarch64-android@1.4.1", "", { "os": "android", "cpu": "arm64" }, "sha512-iJwfQXu0CpIceOLeXZVLmjp0WwvRVea8KegCpE9LbuLiupVjzB3jzXI3PWhewo58hVYwG5H76zFSo4bRnVdfBg=="],

    "@oven/bun-linux-aarch64-musl": ["@oven/bun-linux-aarch64-musl@1.4.1", "", { "os": "linux", "cpu": "arm64" }, "sha512-NlO+8jNIo9oGMRtUFA8pyc5OAgdn1yUjqg6k7ntOdOyf8iAIvAJyAU1z/rvMMmxlPlh2AbsQZiHrA6dkbKMVsg=="],

    "@oven/bun-linux-x64": ["@oven/bun-linux-x64@1.4.1", "", { "os": "linux", "cpu": "x64" }, "sha512-ma2AO7f/0YZ1KLU7IHO0BFd41zryMbPA2hzgyIw5MWG64MVUvCfbKUc7+nQ+pLgJOIHuA9r075i0TWWlBGE+BA=="],

    "@oven/bun-linux-x64-android": ["@oven/bun-linux-x64-android@1.4.1", "", { "os": "android", "cpu": "x64" }, "sha512-4+3nvh9mwkhDtO/zzbkeb/fwwMh4gZoMX7QvNTWNXqw4sh95DIvEHlHKXbnoHdCnWw6phZ84SdV3qZlWSn/PTw=="],

    "@oven/bun-linux-x64-musl": ["@oven/bun-linux-x64-musl@1.4.1", "", { "os": "linux", "cpu": "x64" }, "sha512-SZ39LAOpqrWOsAq7AdpBd3pQUnnnEq3S1vOqtjDdAnW1ulijBfY/5D1ZjaGVnHb4Mpwkq0odMbfuibc72y3k8Q=="],

    "@oven/bun-windows-aarch64": ["@oven/bun-windows-aarch64@1.4.1", "", { "os": "win32", "cpu": "arm64" }, "sha512-SwgCvLnxV2cvHsgFVVAHvZ+D8VMaj1Ymn7AIKD6bSURukStdvUGPxV2Fd9fjMrAusVU6NKXdl9mxdOnfOkzNEw=="],

    "@oven/bun-windows-x64": ["@oven/bun-windows-x64@1.4.1", "", { "os": "win32", "cpu": "x64" }, "sha512-InALswMzIrYIZ9UVZWpDzmvxoDMxY0Zde2B8Khv9h42AxGeOPU0mHS+QOT01nM5l9XLzj02f1n9/3KkQ7YSpmw=="],

    "@types/node": ["@types/node@26.4.1", "", { "dependencies": { "undici-types": "~8.3.0" } }, "sha512-k97ENvZWtvA6yqz5/FS6a7duDgOPEeOQOc2iKS/nY6mX6qJUKtLnWzQS+Xj6tXweyj6ZcTAK2Qecetnvi9nCLA=="],

    "ansi-regex": ["ansi-regex@6.3.0", "", {}, "sha512-WpDfL7NO6j7tH88IDBNVdUJxDh9nmCteAVW9dsep846XdwF4naCBK+/tGLX3KJgcpgMRXCFlTM2hKGoK9FsdrQ=="],

    "bun": ["bun@1.4.1", "", { "optionalDependencies": { "@oven/bun-darwin-aarch64": "1.4.1", "@oven/bun-darwin-x64": "1.4.1", "@oven/bun-freebsd-aarch64": "1.4.1", "@oven/bun-freebsd-x64": "1.4.1", "@oven/bun-linux-aarch64": "1.4.1", "@oven/bun-linux-aarch64-android": "1.4.1", "@oven/bun-linux-aarch64-musl": "1.4.1", "@oven/bun-linux-x64": "1.4.1", "@oven/bun-linux-x64-android": "1.4.1", "@oven/bun-linux-x64-musl": "1.4.1", "@oven/bun-windows-aarch64": "1.4.1", "@oven/bun-windows-x64": "1.4.1" }, "os": [ "!aix", "!sunos", "!openbsd", ], "cpu": [ "x64", "arm64", ], "bin": { "bun": "bin/bun.exe", "bunx": "bin/bunx.exe" } }, "sha512-WToDxm4XO8zFLoTuFwqgZqjO4kX1i49+hEaBVP6KTZSyswpSmEzCrAsAXmAax0fHFZJ4gVrEWTFYtMZF2gNRwQ=="],

    "bun-ffi-structs": ["bun-ffi-structs@0.3.1", "", { "peerDependencies": { "typescript": "^5" } }, "sha512-3gM7PpVWLyrwxWjcilSiGuhWanhZivvo6l0u573NziPH6f/gwk6McbaYgn7oJWov6pKGRTDbrg94W5DcJsKTtQ=="],

    "bun-types": ["bun-types@1.4.1", "", { "dependencies": { "@types/node": "*" } }, "sha512-loKuVrAFZKfEv+JvWkHRS9GW5IqLuLRjVXN9p+vZvBN86O5hf/pBZQ5hSoyipsrMmWObZBDvWnlmKvjKTM0PdA=="],

    "chokidar": ["chokidar@4.0.3", "", { "dependencies": { "readdirp": "^4.0.1" } }, "sha512-Qgzu8kfBvo+cA4962jnP1KkS6Dop5NS6g7R5LFYJr4b8Ub94PPQXUksCw9PvXoeXPRRddRNC5C1JQUR2SMGtnA=="],

    "commander": ["commander@14.0.3", "", {}, "sha512-H+y0Jo/T1RZ9qPP4Eh1pkcQcLRglraJaSLoyOtHxu6AapkjWVCy2Sit1QQ4x3Dng8qDlSsZEet7g5Pq06MvTgw=="],

    "diff": ["diff@8.0.4", "", {}, "sha512-DPi0FmjiSU5EvQV0++GFDOJ9ASQUVFh5kD+OzOnYdi7n3Wpm9hWWGfB/O2blfHcMVTL5WkQXSnRiK9makhrcnw=="],

    "emoji-regex": ["emoji-regex@10.6.0", "", {}, "sha512-toUI84YS5YmxW219erniWD0CIVOo46xGKColeNQRgOzDorgBi1v4D71/OFzgD9GO2UGKIv1C3Sp8DAn0+j5w7A=="],

    "get-east-asian-width": ["get-east-asian-width@1.6.0", "", {}, "sha512-QRbvDIbx6YklUe6RxeTeleMR0yv3cYH6PsPZHcnVn7xv7zO1BHN8r0XETu8n6Ye3Q+ahtSarc3WgtNWmehIBfA=="],

    "hunkdiff": ["hunkdiff@0.20.1", "", { "dependencies": { "bun": "^1.3.14", "chokidar": "^4.0.3", "commander": "^14.0.3", "diff": "^8.0.3", "get-east-asian-width": "^1.5.0", "shell-quote": "1.9.0", "string-width": "^8.2.1", "zod": "^4.3.6" }, "optionalDependencies": { "hunkdiff-darwin-arm64": "0.20.1", "hunkdiff-darwin-x64": "0.20.1", "hunkdiff-linux-arm64": "0.20.1", "hunkdiff-linux-x64": "0.20.1", "hunkdiff-windows-x64": "0.20.1" }, "peerDependencies": { "@opentui/core": "^0.5.1", "@opentui/react": "^0.5.1", "@pierre/diffs": "1.3.5", "react": "^19.2.4" }, "optionalPeers": ["@pierre/diffs"], "bin": { "hunk": "bin/hunk.cjs", "hunkdiff": "bin/hunk.cjs" } }, "sha512-2efcMu3go/GX7nMWkt66vva4K5ZkB5rYZu5B5uesySNRSs4Md5bUsX6BQ4uyFgDjrBCqAFdWEDtPIJ73X6BW1w=="],

    "hunkdiff-darwin-arm64": ["hunkdiff-darwin-arm64@0.20.1", "", { "os": "darwin", "cpu": "arm64", "bin": { "hunk": "bin/hunk" } }, "sha512-ydP1LNqiib+2spLu5HBISKcKm51+m5h7odYbL26HXjB/GgdRbpdT6sJcP4/uptKpzS4f1SFgBck+c6uiHmiDXA=="],

    "hunkdiff-darwin-x64": ["hunkdiff-darwin-x64@0.20.1", "", { "os": "darwin", "cpu": "x64", "bin": { "hunk": "bin/hunk" } }, "sha512-5ldwP/E68xZvTq38vSNmVNYuwnecWdhd1tWUyo/Yi4mCv2xiNOjbG5TnlXyZrrIx7/WFcKkd+Urd3MzpM7U6Iw=="],

    "hunkdiff-linux-arm64": ["hunkdiff-linux-arm64@0.20.1", "", { "os": "linux", "cpu": "arm64", "bin": { "hunk": "bin/hunk" } }, "sha512-Ji89L5DvKA1H4259u7BIHdMksif5ouPWjP8EUGAMHyZR4uJKmkuCyclaWu8dqjnFPk5N5P/Coq2+Ld1cSl2BFQ=="],

    "hunkdiff-linux-x64": ["hunkdiff-linux-x64@0.20.1", "", { "os": "linux", "cpu": "x64", "bin": { "hunk": "bin/hunk" } }, "sha512-5Wk5c9nzSuGsxZY8nuHzehNp49daF0rjHnlMdEiPkx4ljn4KyRZ5DrXw++vZZ1+8iRpmQy8fD+QlvYF0XWOxiQ=="],

    "hunkdiff-windows-x64": ["hunkdiff-windows-x64@0.20.1", "", { "os": "win32", "cpu": "x64", "bin": { "hunk": "bin/hunk.exe" } }, "sha512-V0w0kTsgG7cPmeVLMFq/yW7y+gC1Vt0KX2GTnjh7jPV9nLmQuYFH2KQgdEnXIa/DbthenA24ilDItmHqovyHaw=="],

    "marked": ["marked@17.0.1", "", { "bin": { "marked": "bin/marked.js" } }, "sha512-boeBdiS0ghpWcSwoNm/jJBwdpFaMnZWRzjA6SkUMYb40SVaN1x7mmfGKp0jvexGcx+7y2La5zRZsYFZI6Qpypg=="],

    "react": ["react@19.2.8", "", {}, "sha512-PWaYA1L/q9u2u7xYQi+Y3L3Yfnie7XyLeaJICV1MGD6LprsBxcAqGjYyr0eY3p+QdsA+x/Irkt4Qif8D63+Sbw=="],

    "react-devtools-core": ["react-devtools-core@7.0.1", "", { "dependencies": { "shell-quote": "^1.6.1", "ws": "^7" } }, "sha512-C3yNvRHaizlpiASzy7b9vbnBGLrhvdhl1CbdU6EnZgxPNbai60szdLtl+VL76UNOt5bOoVTOz5rNWZxgGt+Gsw=="],

    "react-reconciler": ["react-reconciler@0.33.0", "", { "dependencies": { "scheduler": "^0.27.0" }, "peerDependencies": { "react": "^19.2.0" } }, "sha512-KetWRytFv1epdpJc3J4G75I4WrplZE5jOL7Yq0p34+OVOKF4Se7WrdIdVC45XsSSmUTlht2FM/fM1FZb1mfQeA=="],

    "readdirp": ["readdirp@4.1.2", "", {}, "sha512-GDhwkLfywWL2s6vEjyhri+eXmfH6j1L7JE27WhqLeYzoh/A3DBaYGEj2H/HFZCn/kMfim73FXxEJTw06WtxQwg=="],

    "scheduler": ["scheduler@0.27.0", "", {}, "sha512-eNv+WrVbKu1f3vbYJT/xtiF5syA5HPIMtf9IgY/nKg0sWqzAUEvqY/xm7OcZc/qafLx/iO9FgOmeSAp4v5ti/Q=="],

    "shell-quote": ["shell-quote@1.9.0", "", {}, "sha512-Iov+JwFv/2HcTpcwNMKd8+IWNb8tboQJNQTkAY/LLVK7gGH9jy+LGkVqPxfekHl+yMmiqXszdGWXgkfml7hjqA=="],

    "string-width": ["string-width@8.2.2", "", { "dependencies": { "get-east-asian-width": "^1.5.0", "strip-ansi": "^7.1.2" } }, "sha512-GaPUh5gfdrYzqeVNZvUfT23vYYxXzKYidUcnMtJg/3rxRV63EFZy3k6xfKlmfeJD0176lnUV/Usr3XcwSvFzpg=="],

    "strip-ansi": ["strip-ansi@7.2.0", "", { "dependencies": { "ansi-regex": "^6.2.2" } }, "sha512-yDPMNjp4WyfYBkHnjIRLfca1i6KMyGCtsVgoKe/z1+6vukgaENdgGBZt+ZmKPc4gavvEZ5OgHfHdrazhgNyG7w=="],

    "typescript": ["typescript@5.9.3", "", { "bin": { "tsc": "bin/tsc", "tsserver": "bin/tsserver" } }, "sha512-jl1vZzPDinLr9eUt3J/t7V6FgNEw9QjvBPdysz9KfQDD41fQrC2Y4vKQdiaUpFT4bXlb1RHhLpp8wtm6M5TgSw=="],

    "undici-types": ["undici-types@8.3.0", "", {}, "sha512-j375ScV60dom+YkPFIfTLcOiPxkN/buHz5GobjLhixFuANaNs3C9l4GmrWqejgXWJ7BbJcFYpTEUkS1Ge8bpZQ=="],

    "web-tree-sitter": ["web-tree-sitter@0.25.10", "", { "peerDependencies": { "@types/emscripten": "^1.40.0" }, "optionalPeers": ["@types/emscripten"] }, "sha512-Y09sF44/13XvgVKgO2cNDw5rGk6s26MgoZPXLESvMXeefBf7i6/73eFurre0IsTW6E14Y0ArIzhUMmjoc7xyzA=="],

    "ws": ["ws@8.21.3", "", { "peerDependencies": { "bufferutil": "^4.0.1", "utf-8-validate": ">=5.0.2" }, "optionalPeers": ["bufferutil", "utf-8-validate"] }, "sha512-201TZ/kPWxoPr/OKWjquZR1SWKXcvxdH+e1xrx89b3YbmzLMFCLfnaG1HFIgWzJOEWZ7MvpK++odZufgYR50Rw=="],

    "zod": ["zod@4.5.4", "", {}, "sha512-sC95tT5iHHH9gtpj6A81kh+NEaRAUFN+qlUPDUbRfOMvNf5QCBqsb3WgvnpVtK5Y+4UfA6KqufotuTvMGiTlsA=="],

    "@opentui/core/diff": ["diff@9.0.0", "", {}, "sha512-svtcdpS8CgJyqAjEQIXdb3OjhFVVYjzGAPO8WGCmRbrml64SPw/jJD4GoE98aR7r25A0XcgrK3F02yw9R/vhQw=="],

    "@opentui/core/string-width": ["string-width@7.2.0", "", { "dependencies": { "emoji-regex": "^10.3.0", "get-east-asian-width": "^1.0.0", "strip-ansi": "^7.1.0" } }, "sha512-tsaTIkKW9b4N+AEj+SVA+WhJzV7/zMhcSu78mLKWSk7cXMOSHsBKFWUs0fWwq8QyK3MgJBQRX6Gbi4kYbdvGkQ=="],

    "@opentui/core/strip-ansi": ["strip-ansi@7.1.2", "", { "dependencies": { "ansi-regex": "^6.0.1" } }, "sha512-gmBGslpoQJtgnMAvOVqGZpEz9dyoKTCzy2nfz/n8aIFhN/jCE/rCmcxabB6jOOHV+0WNnylOxaxBQPSvcWklhA=="],

    "react-devtools-core/ws": ["ws@7.5.13", "", { "peerDependencies": { "bufferutil": "^4.0.1", "utf-8-validate": "^5.0.2" }, "optionalPeers": ["bufferutil", "utf-8-validate"] }, "sha512-rsKI6xDBFVf4r/x8XyChGK04QR/XHroxs/jUcoWvtEZM8TPU/X/uIY9B1CsSzYws9ZJb/6bbBu7dPhFW00CAoA=="],

    "@opentui/core/string-width/strip-ansi": ["strip-ansi@7.2.0", "", { "dependencies": { "ansi-regex": "^6.2.2" } }, "sha512-yDPMNjp4WyfYBkHnjIRLfca1i6KMyGCtsVgoKe/z1+6vukgaENdgGBZt+ZmKPc4gavvEZ5OgHfHdrazhgNyG7w=="],
  }
}
